
Microsoft Visual Studio Solution File, Format Version 12.00
Project("{FAE04EC0-301F-11D3-BF4B-00C04F79EFBC}") = "DebugLesson", "DebugLesson\DebugLesson.csproj", "{6308D2B0-238D-4E01-863F-28D9A12BD10A}"
EndProject
Global
	GlobalSection(SolutionConfigurationPlatforms) = preSolution
		Debug|Any CPU = Debug|Any CPU
		Release|Any CPU = Release|Any CPU
	EndGlobalSection
	GlobalSection(ProjectConfigurationPlatforms) = postSolution
		{6308D2B0-238D-4E01-863F-28D9A12BD10A}.Debug|Any CPU.ActiveCfg = Debug|Any CPU
		{6308D2B0-238D-4E01-863F-28D9A12BD10A}.Debug|Any CPU.Build.0 = Debug|Any CPU
		{6308D2B0-238D-4E01-863F-28D9A12BD10A}.Release|Any CPU.ActiveCfg = Release|Any CPU
		{6308D2B0-238D-4E01-863F-28D9A12BD10A}.Release|Any CPU.Build.0 = Release|Any CPU
	EndGlobalSection
EndGlobal
